
Microsoft Visual Studio Solution File, Format Version 12.00
# Visual Studio Version 16
VisualStudioVersion = 16.0.29613.14
MinimumVisualStudioVersion = 10.0.40219.1
Project("{9A19103F-16F7-4668-BE54-9A1E7A4F7556}") = "BeesbyAPI", "BeesbyAPI\BeesbyAPI.csproj", "{38BE33CB-FAC9-46BF-83BB-3A6C8648F126}"
EndProject
Project("{2150E333-8FDC-42A3-9474-1A3956D46DE8}") = "Tests", "Tests", "{2FE60F2C-FCEC-4AC3-8058-B8612B324B79}"
EndProject
Project("{FAE04EC0-301F-11D3-BF4B-00C04F79EFBC}") = "UnitTest", "UnitTest\UnitTest.csproj", "{D6CE821C-BE48-41AA-9F48-C1E8DF5D8E5F}"
EndProject
Global
	GlobalSection(SolutionConfigurationPlatforms) = preSolution
		Debug|Any CPU = Debug|Any CPU
		Release|Any CPU = Release|Any CPU
	EndGlobalSection
	GlobalSection(ProjectConfigurationPlatforms) = postSolution
		{38BE33CB-FAC9-46BF-83BB-3A6C8648F126}.Debug|Any CPU.ActiveCfg = Debug|Any CPU
		{38BE33CB-FAC9-46BF-83BB-3A6C8648F126}.Debug|Any CPU.Build.0 = Debug|Any CPU
		{38BE33CB-FAC9-46BF-83BB-3A6C8648F126}.Release|Any CPU.ActiveCfg = Release|Any CPU
		{38BE33CB-FAC9-46BF-83BB-3A6C8648F126}.Release|Any CPU.Build.0 = Release|Any CPU
		{D6CE821C-BE48-41AA-9F48-C1E8DF5D8E5F}.Debug|Any CPU.ActiveCfg = Debug|Any CPU
		{D6CE821C-BE48-41AA-9F48-C1E8DF5D8E5F}.Debug|Any CPU.Build.0 = Debug|Any CPU
		{D6CE821C-BE48-41AA-9F48-C1E8DF5D8E5F}.Release|Any CPU.ActiveCfg = Release|Any CPU
		{D6CE821C-BE48-41AA-9F48-C1E8DF5D8E5F}.Release|Any CPU.Build.0 = Release|Any CPU
	EndGlobalSection
	GlobalSection(SolutionProperties) = preSolution
		HideSolutionNode = FALSE
	EndGlobalSection
	GlobalSection(NestedProjects) = preSolution
		{D6CE821C-BE48-41AA-9F48-C1E8DF5D8E5F} = {2FE60F2C-FCEC-4AC3-8058-B8612B324B79}
	EndGlobalSection
	GlobalSection(ExtensibilityGlobals) = postSolution
		SolutionGuid = {70B3404C-4BE7-43DF-872E-1FC7638F3A3C}
	EndGlobalSection
EndGlobal
